
Microsoft Visual Studio Solution File, Format Version 12.00
# Visual Studio Version 17
VisualStudioVersion = 17.4.33213.308
MinimumVisualStudioVersion = 10.0.40219.1
Project("{9A19103F-16F7-4668-BE54-9A1E7A4F7556}") = "WriteDataToCsv", "WriteDataToCsv.csproj", "{FE38B5A8-D798-448B-A831-CD44D574B77D}"
EndProject
Global
	GlobalSection(SolutionConfigurationPlatforms) = preSolution
		Debug|Any CPU = Debug|Any CPU
		Release|Any CPU = Release|Any CPU
	EndGlobalSection
	GlobalSection(ProjectConfigurationPlatforms) = postSolution
		{FE38B5A8-D798-448B-A831-CD44D574B77D}.Debug|Any CPU.ActiveCfg = Debug|Any CPU
		{FE38B5A8-D798-448B-A831-CD44D574B77D}.Debug|Any CPU.Build.0 = Debug|Any CPU
		{FE38B5A8-D798-448B-A831-CD44D574B77D}.Release|Any CPU.ActiveCfg = Release|Any CPU
		{FE38B5A8-D798-448B-A831-CD44D574B77D}.Release|Any CPU.Build.0 = Release|Any CPU
	EndGlobalSection
	GlobalSection(SolutionProperties) = preSolution
		HideSolutionNode = FALSE
	EndGlobalSection
	GlobalSection(ExtensibilityGlobals) = postSolution
		SolutionGuid = {A0456A5A-DF80-4D4A-BA09-40C7CC5353E9}
	EndGlobalSection
EndGlobal
